// !$*UTF8*$!
{
	archiveVersion = 1;
	classes = {
	};
	objectVersion = 56;
	objects = {

/* Begin PBXBuildFile section */
		88AA4D6E2BFC482B00AF27DD /* WhatsAppCloneApp.swift in Sources */ = {isa = PBXBuildFile; fileRef = 88AA4D6D2BFC482B00AF27DD /* WhatsAppCloneApp.swift */; };
		88AA4D722BFC482C00AF27DD /* Assets.xcassets in Resources */ = {isa = PBXBuildFile; fileRef = 88AA4D712BFC482C00AF27DD /* Assets.xcassets */; };
		88AA4D752BFC482C00AF27DD /* Preview Assets.xcassets in Resources */ = {isa = PBXBuildFile; fileRef = 88AA4D742BFC482C00AF27DD /* Preview Assets.xcassets */; };
		88AA4D7F2BFC482C00AF27DD /* WhatsAppCloneTests.swift in Sources */ = {isa = PBXBuildFile; fileRef = 88AA4D7E2BFC482C00AF27DD /* WhatsAppCloneTests.swift */; };
		88AA4D892BFC482C00AF27DD /* WhatsAppCloneUITests.swift in Sources */ = {isa = PBXBuildFile; fileRef = 88AA4D882BFC482C00AF27DD /* WhatsAppCloneUITests.swift */; };
		88AA4D8B2BFC482C00AF27DD /* WhatsAppCloneUITestsLaunchTests.swift in Sources */ = {isa = PBXBuildFile; fileRef = 88AA4D8A2BFC482C00AF27DD /* WhatsAppCloneUITestsLaunchTests.swift */; };
		88AA4DAB2BFC4D6200AF27DD /* MainTabbarView.swift in Sources */ = {isa = PBXBuildFile; fileRef = 88AA4DAA2BFC4D6200AF27DD /* MainTabbarView.swift */; };
		88AA4DAE2BFC517400AF27DD /* InboxView.swift in Sources */ = {isa = PBXBuildFile; fileRef = 88AA4DAD2BFC517400AF27DD /* InboxView.swift */; };
		88AA4DB02BFC534600AF27DD /* NavigationBarColor.swift in Sources */ = {isa = PBXBuildFile; fileRef = 88AA4DAF2BFC534600AF27DD /* NavigationBarColor.swift */; };
		88AA4DB22BFC55DB00AF27DD /* InboxRowView.swift in Sources */ = {isa = PBXBuildFile; fileRef = 88AA4DB12BFC55DB00AF27DD /* InboxRowView.swift */; };
		88AA4DB52BFC615A00AF27DD /* CircularProfileImageView.swift in Sources */ = {isa = PBXBuildFile; fileRef = 88AA4DB42BFC615A00AF27DD /* CircularProfileImageView.swift */; };
		88AA4DB72BFC62F500AF27DD /* User.swift in Sources */ = {isa = PBXBuildFile; fileRef = 88AA4DB62BFC62F500AF27DD /* User.swift */; };
		88AA4DBA2BFC668A00AF27DD /* NewMessageView.swift in Sources */ = {isa = PBXBuildFile; fileRef = 88AA4DB92BFC668A00AF27DD /* NewMessageView.swift */; };
		88AA4DBD2BFC66BB00AF27DD /* InobxViewModel.swift in Sources */ = {isa = PBXBuildFile; fileRef = 88AA4DBC2BFC66BB00AF27DD /* InobxViewModel.swift */; };
		88AA4DBF2BFC721500AF27DD /* ContactView.swift in Sources */ = {isa = PBXBuildFile; fileRef = 88AA4DBE2BFC721500AF27DD /* ContactView.swift */; };
		88AA4DC32BFC775A00AF27DD /* ChatView.swift in Sources */ = {isa = PBXBuildFile; fileRef = 88AA4DC22BFC775A00AF27DD /* ChatView.swift */; };
		88AA4DC52BFC78E500AF27DD /* ChatViewModel.swift in Sources */ = {isa = PBXBuildFile; fileRef = 88AA4DC42BFC78E500AF27DD /* ChatViewModel.swift */; };
		88AA4DC72BFC8C9B00AF27DD /* ChatMessageCell.swift in Sources */ = {isa = PBXBuildFile; fileRef = 88AA4DC62BFC8C9B00AF27DD /* ChatMessageCell.swift */; };
		88AA4DC92BFC8E1F00AF27DD /* ChatBubble.swift in Sources */ = {isa = PBXBuildFile; fileRef = 88AA4DC82BFC8E1F00AF27DD /* ChatBubble.swift */; };
		88AA4DCC2BFC969D00AF27DD /* Date.swift in Sources */ = {isa = PBXBuildFile; fileRef = 88AA4DCB2BFC969D00AF27DD /* Date.swift */; };
		88AA4DCE2BFC97A500AF27DD /* Message.swift in Sources */ = {isa = PBXBuildFile; fileRef = 88AA4DCD2BFC97A500AF27DD /* Message.swift */; };
		88C340D92BFD927800AF1806 /* FirebaseAuth in Frameworks */ = {isa = PBXBuildFile; productRef = 88C340D82BFD927800AF1806 /* FirebaseAuth */; };
		88C340DB2BFD927800AF1806 /* FirebaseFirestore in Frameworks */ = {isa = PBXBuildFile; productRef = 88C340DA2BFD927800AF1806 /* FirebaseFirestore */; };
		88C340DD2BFD927800AF1806 /* FirebaseFirestoreSwift in Frameworks */ = {isa = PBXBuildFile; productRef = 88C340DC2BFD927800AF1806 /* FirebaseFirestoreSwift */; };
		88C340DF2BFD927800AF1806 /* FirebaseStorage in Frameworks */ = {isa = PBXBuildFile; productRef = 88C340DE2BFD927800AF1806 /* FirebaseStorage */; };
		88C340E12BFD974A00AF1806 /* AuthService.swift in Sources */ = {isa = PBXBuildFile; fileRef = 88C340E02BFD974A00AF1806 /* AuthService.swift */; };
		88C340E32BFD9D3D00AF1806 /* WelcomeViewModel.swift in Sources */ = {isa = PBXBuildFile; fileRef = 88C340E22BFD9D3D00AF1806 /* WelcomeViewModel.swift */; };
		88C340E72BFD9F6A00AF1806 /* RootView.swift in Sources */ = {isa = PBXBuildFile; fileRef = 88C340E62BFD9F6A00AF1806 /* RootView.swift */; };
		88C340E92BFD9F9D00AF1806 /* RootViewModel.swift in Sources */ = {isa = PBXBuildFile; fileRef = 88C340E82BFD9F9D00AF1806 /* RootViewModel.swift */; };
		88C340EB2BFDA28700AF1806 /* UserService.swift in Sources */ = {isa = PBXBuildFile; fileRef = 88C340EA2BFDA28700AF1806 /* UserService.swift */; };
		88C340EE2BFDB39100AF1806 /* Kingfisher in Frameworks */ = {isa = PBXBuildFile; productRef = 88C340ED2BFDB39100AF1806 /* Kingfisher */; };
		88C340F32BFDBC5600AF1806 /* NewMessageViewModel.swift in Sources */ = {isa = PBXBuildFile; fileRef = 88C340F22BFDBC5600AF1806 /* NewMessageViewModel.swift */; };
		88E5FB4F2BFD908C00C347AE /* GoogleService-Info.plist in Resources */ = {isa = PBXBuildFile; fileRef = 88E5FB4E2BFD908C00C347AE /* GoogleService-Info.plist */; };
		88EEA21C2BFE3F7F0083826F /* ChatService.swift in Sources */ = {isa = PBXBuildFile; fileRef = 88EEA21B2BFE3F7F0083826F /* ChatService.swift */; };
		88EEA21E2BFE5DFF0083826F /* InboxService.swift in Sources */ = {isa = PBXBuildFile; fileRef = 88EEA21D2BFE5DFF0083826F /* InboxService.swift */; };
		88F0077E2BFCBF06004769E7 /* ProfileView.swift in Sources */ = {isa = PBXBuildFile; fileRef = 88F0077D2BFCBF06004769E7 /* ProfileView.swift */; };
		88F007822BFCC135004769E7 /* ProfileViewModel.swift in Sources */ = {isa = PBXBuildFile; fileRef = 88F007812BFCC135004769E7 /* ProfileViewModel.swift */; };
		88F007852BFCDC75004769E7 /* SettingsView.swift in Sources */ = {isa = PBXBuildFile; fileRef = 88F007842BFCDC75004769E7 /* SettingsView.swift */; };
		88F007872BFCDE41004769E7 /* SettingsOption.swift in Sources */ = {isa = PBXBuildFile; fileRef = 88F007862BFCDE41004769E7 /* SettingsOption.swift */; };
		88F0078A2BFCF0DD004769E7 /* SettingsViewModel.swift in Sources */ = {isa = PBXBuildFile; fileRef = 88F007892BFCF0DD004769E7 /* SettingsViewModel.swift */; };
		88F0078D2BFCFCF7004769E7 /* WelcomeView.swift in Sources */ = {isa = PBXBuildFile; fileRef = 88F0078C2BFCFCF7004769E7 /* WelcomeView.swift */; };
		88F0078F2BFD09C1004769E7 /* LoginView.swift in Sources */ = {isa = PBXBuildFile; fileRef = 88F0078E2BFD09C1004769E7 /* LoginView.swift */; };
		88F007922BFD0AAC004769E7 /* LoginViewModel.swift in Sources */ = {isa = PBXBuildFile; fileRef = 88F007912BFD0AAC004769E7 /* LoginViewModel.swift */; };
		88F007952BFD0F6E004769E7 /* FloatingField.swift in Sources */ = {isa = PBXBuildFile; fileRef = 88F007942BFD0F6E004769E7 /* FloatingField.swift */; };
		88F007972BFD133F004769E7 /* RegistrationView.swift in Sources */ = {isa = PBXBuildFile; fileRef = 88F007962BFD133F004769E7 /* RegistrationView.swift */; };
		88F007992BFD13B9004769E7 /* RegistrationViewModel.swift in Sources */ = {isa = PBXBuildFile; fileRef = 88F007982BFD13B9004769E7 /* RegistrationViewModel.swift */; };
		88F0079B2BFD1658004769E7 /* AuthentificationButtonModifier.swift in Sources */ = {isa = PBXBuildFile; fileRef = 88F0079A2BFD1658004769E7 /* AuthentificationButtonModifier.swift */; };
		88F3BAED2BFF17A100F700F3 /* StorageUploader.swift in Sources */ = {isa = PBXBuildFile; fileRef = 88F3BAEC2BFF17A100F700F3 /* StorageUploader.swift */; };
		88F3BAEF2BFF256800F700F3 /* ChatMessageCellViewModel.swift in Sources */ = {isa = PBXBuildFile; fileRef = 88F3BAEE2BFF256800F700F3 /* ChatMessageCellViewModel.swift */; };
/* End PBXBuildFile section */

/* Begin PBXContainerItemProxy section */
		88AA4D7B2BFC482C00AF27DD /* PBXContainerItemProxy */ = {
			isa = PBXContainerItemProxy;
			containerPortal = 88AA4D622BFC482B00AF27DD /* Project object */;
			proxyType = 1;
			remoteGlobalIDString = 88AA4D692BFC482B00AF27DD;
			remoteInfo = WhatsAppClone;
		};
		88AA4D852BFC482C00AF27DD /* PBXContainerItemProxy */ = {
			isa = PBXContainerItemProxy;
			containerPortal = 88AA4D622BFC482B00AF27DD /* Project object */;
			proxyType = 1;
			remoteGlobalIDString = 88AA4D692BFC482B00AF27DD;
			remoteInfo = WhatsAppClone;
		};
/* End PBXContainerItemProxy section */

/* Begin PBXFileReference section */
		88AA4D6A2BFC482B00AF27DD /* WhatsAppClone.app */ = {isa = PBXFileReference; explicitFileType = wrapper.application; includeInIndex = 0; path = WhatsAppClone.app; sourceTree = BUILT_PRODUCTS_DIR; };
		88AA4D6D2BFC482B00AF27DD /* WhatsAppCloneApp.swift */ = {isa = PBXFileReference; lastKnownFileType = sourcecode.swift; path = WhatsAppCloneApp.swift; sourceTree = "<group>"; };
		88AA4D712BFC482C00AF27DD /* Assets.xcassets */ = {isa = PBXFileReference; lastKnownFileType = folder.assetcatalog; path = Assets.xcassets; sourceTree = "<group>"; };
		88AA4D742BFC482C00AF27DD /* Preview Assets.xcassets */ = {isa = PBXFileReference; lastKnownFileType = folder.assetcatalog; path = "Preview Assets.xcassets"; sourceTree = "<group>"; };
		88AA4D7A2BFC482C00AF27DD /* WhatsAppCloneTests.xctest */ = {isa = PBXFileReference; explicitFileType = wrapper.cfbundle; includeInIndex = 0; path = WhatsAppCloneTests.xctest; sourceTree = BUILT_PRODUCTS_DIR; };
		88AA4D7E2BFC482C00AF27DD /* WhatsAppCloneTests.swift */ = {isa = PBXFileReference; lastKnownFileType = sourcecode.swift; path = WhatsAppCloneTests.swift; sourceTree = "<group>"; };
		88AA4D842BFC482C00AF27DD /* WhatsAppCloneUITests.xctest */ = {isa = PBXFileReference; explicitFileType = wrapper.cfbundle; includeInIndex = 0; path = WhatsAppCloneUITests.xctest; sourceTree = BUILT_PRODUCTS_DIR; };
		88AA4D882BFC482C00AF27DD /* WhatsAppCloneUITests.swift */ = {isa = PBXFileReference; lastKnownFileType = sourcecode.swift; path = WhatsAppCloneUITests.swift; sourceTree = "<group>"; };
		88AA4D8A2BFC482C00AF27DD /* WhatsAppCloneUITestsLaunchTests.swift */ = {isa = PBXFileReference; lastKnownFileType = sourcecode.swift; path = WhatsAppCloneUITestsLaunchTests.swift; sourceTree = "<group>"; };
		88AA4DAA2BFC4D6200AF27DD /* MainTabbarView.swift */ = {isa = PBXFileReference; lastKnownFileType = sourcecode.swift; path = MainTabbarView.swift; sourceTree = "<group>"; };
		88AA4DAD2BFC517400AF27DD /* InboxView.swift */ = {isa = PBXFileReference; lastKnownFileType = sourcecode.swift; path = InboxView.swift; sourceTree = "<group>"; };
		88AA4DAF2BFC534600AF27DD /* NavigationBarColor.swift */ = {isa = PBXFileReference; lastKnownFileType = sourcecode.swift; path = NavigationBarColor.swift; sourceTree = "<group>"; };
		88AA4DB12BFC55DB00AF27DD /* InboxRowView.swift */ = {isa = PBXFileReference; lastKnownFileType = sourcecode.swift; path = InboxRowView.swift; sourceTree = "<group>"; };
		88AA4DB42BFC615A00AF27DD /* CircularProfileImageView.swift */ = {isa = PBXFileReference; lastKnownFileType = sourcecode.swift; path = CircularProfileImageView.swift; sourceTree = "<group>"; };
		88AA4DB62BFC62F500AF27DD /* User.swift */ = {isa = PBXFileReference; lastKnownFileType = sourcecode.swift; path = User.swift; sourceTree = "<group>"; };
		88AA4DB92BFC668A00AF27DD /* NewMessageView.swift */ = {isa = PBXFileReference; lastKnownFileType = sourcecode.swift; path = NewMessageView.swift; sourceTree = "<group>"; };
		88AA4DBC2BFC66BB00AF27DD /* InobxViewModel.swift */ = {isa = PBXFileReference; lastKnownFileType = sourcecode.swift; path = InobxViewModel.swift; sourceTree = "<group>"; };
		88AA4DBE2BFC721500AF27DD /* ContactView.swift */ = {isa = PBXFileReference; lastKnownFileType = sourcecode.swift; path = ContactView.swift; sourceTree = "<group>"; };
		88AA4DC22BFC775A00AF27DD /* ChatView.swift */ = {isa = PBXFileReference; lastKnownFileType = sourcecode.swift; path = ChatView.swift; sourceTree = "<group>"; };
		88AA4DC42BFC78E500AF27DD /* ChatViewModel.swift */ = {isa = PBXFileReference; lastKnownFileType = sourcecode.swift; path = ChatViewModel.swift; sourceTree = "<group>"; };
		88AA4DC62BFC8C9B00AF27DD /* ChatMessageCell.swift */ = {isa = PBXFileReference; lastKnownFileType = sourcecode.swift; path = ChatMessageCell.swift; sourceTree = "<group>"; };
		88AA4DC82BFC8E1F00AF27DD /* ChatBubble.swift */ = {isa = PBXFileReference; lastKnownFileType = sourcecode.swift; path = ChatBubble.swift; sourceTree = "<group>"; };
		88AA4DCB2BFC969D00AF27DD /* Date.swift */ = {isa = PBXFileReference; lastKnownFileType = sourcecode.swift; path = Date.swift; sourceTree = "<group>"; };
		88AA4DCD2BFC97A500AF27DD /* Message.swift */ = {isa = PBXFileReference; lastKnownFileType = sourcecode.swift; path = Message.swift; sourceTree = "<group>"; };
		88C340E02BFD974A00AF1806 /* AuthService.swift */ = {isa = PBXFileReference; lastKnownFileType = sourcecode.swift; path = AuthService.swift; sourceTree = "<group>"; };
		88C340E22BFD9D3D00AF1806 /* WelcomeViewModel.swift */ = {isa = PBXFileReference; lastKnownFileType = sourcecode.swift; path = WelcomeViewModel.swift; sourceTree = "<group>"; };
		88C340E62BFD9F6A00AF1806 /* RootView.swift */ = {isa = PBXFileReference; lastKnownFileType = sourcecode.swift; path = RootView.swift; sourceTree = "<group>"; };
		88C340E82BFD9F9D00AF1806 /* RootViewModel.swift */ = {isa = PBXFileReference; lastKnownFileType = sourcecode.swift; path = RootViewModel.swift; sourceTree = "<group>"; };
		88C340EA2BFDA28700AF1806 /* UserService.swift */ = {isa = PBXFileReference; lastKnownFileType = sourcecode.swift; path = UserService.swift; sourceTree = "<group>"; };
		88C340F22BFDBC5600AF1806 /* NewMessageViewModel.swift */ = {isa = PBXFileReference; lastKnownFileType = sourcecode.swift; path = NewMessageViewModel.swift; sourceTree = "<group>"; };
		88E5FB4E2BFD908C00C347AE /* GoogleService-Info.plist */ = {isa = PBXFileReference; fileEncoding = 4; lastKnownFileType = text.plist.xml; path = "GoogleService-Info.plist"; sourceTree = "<group>"; };
		88EEA21B2BFE3F7F0083826F /* ChatService.swift */ = {isa = PBXFileReference; lastKnownFileType = sourcecode.swift; path = ChatService.swift; sourceTree = "<group>"; };
		88EEA21D2BFE5DFF0083826F /* InboxService.swift */ = {isa = PBXFileReference; lastKnownFileType = sourcecode.swift; path = InboxService.swift; sourceTree = "<group>"; };
		88F0077D2BFCBF06004769E7 /* ProfileView.swift */ = {isa = PBXFileReference; lastKnownFileType = sourcecode.swift; path = ProfileView.swift; sourceTree = "<group>"; };
		88F007812BFCC135004769E7 /* ProfileViewModel.swift */ = {isa = PBXFileReference; lastKnownFileType = sourcecode.swift; path = ProfileViewModel.swift; sourceTree = "<group>"; };
		88F007842BFCDC75004769E7 /* SettingsView.swift */ = {isa = PBXFileReference; lastKnownFileType = sourcecode.swift; path = SettingsView.swift; sourceTree = "<group>"; };
		88F007862BFCDE41004769E7 /* SettingsOption.swift */ = {isa = PBXFileReference; lastKnownFileType = sourcecode.swift; path = SettingsOption.swift; sourceTree = "<group>"; };
		88F007892BFCF0DD004769E7 /* SettingsViewModel.swift */ = {isa = PBXFileReference; lastKnownFileType = sourcecode.swift; path = SettingsViewModel.swift; sourceTree = "<group>"; };
		88F0078C2BFCFCF7004769E7 /* WelcomeView.swift */ = {isa = PBXFileReference; lastKnownFileType = sourcecode.swift; path = WelcomeView.swift; sourceTree = "<group>"; };
		88F0078E2BFD09C1004769E7 /* LoginView.swift */ = {isa = PBXFileReference; lastKnownFileType = sourcecode.swift; path = LoginView.swift; sourceTree = "<group>"; };
		88F007912BFD0AAC004769E7 /* LoginViewModel.swift */ = {isa = PBXFileReference; lastKnownFileType = sourcecode.swift; path = LoginViewModel.swift; sourceTree = "<group>"; };
		88F007942BFD0F6E004769E7 /* FloatingField.swift */ = {isa = PBXFileReference; lastKnownFileType = sourcecode.swift; path = FloatingField.swift; sourceTree = "<group>"; };
		88F007962BFD133F004769E7 /* RegistrationView.swift */ = {isa = PBXFileReference; lastKnownFileType = sourcecode.swift; path = RegistrationView.swift; sourceTree = "<group>"; };
		88F007982BFD13B9004769E7 /* RegistrationViewModel.swift */ = {isa = PBXFileReference; lastKnownFileType = sourcecode.swift; path = RegistrationViewModel.swift; sourceTree = "<group>"; };
		88F0079A2BFD1658004769E7 /* AuthentificationButtonModifier.swift */ = {isa = PBXFileReference; lastKnownFileType = sourcecode.swift; path = AuthentificationButtonModifier.swift; sourceTree = "<group>"; };
		88F3BAEC2BFF17A100F700F3 /* StorageUploader.swift */ = {isa = PBXFileReference; lastKnownFileType = sourcecode.swift; path = StorageUploader.swift; sourceTree = "<group>"; };
		88F3BAEE2BFF256800F700F3 /* ChatMessageCellViewModel.swift */ = {isa = PBXFileReference; lastKnownFileType = sourcecode.swift; path = ChatMessageCellViewModel.swift; sourceTree = "<group>"; };
/* End PBXFileReference section */

/* Begin PBXFrameworksBuildPhase section */
		88AA4D672BFC482B00AF27DD /* Frameworks */ = {
			isa = PBXFrameworksBuildPhase;
			buildActionMask = 2147483647;
			files = (
				88C340D92BFD927800AF1806 /* FirebaseAuth in Frameworks */,
				88C340DF2BFD927800AF1806 /* FirebaseStorage in Frameworks */,
				88C340DB2BFD927800AF1806 /* FirebaseFirestore in Frameworks */,
				88C340DD2BFD927800AF1806 /* FirebaseFirestoreSwift in Frameworks */,
				88C340EE2BFDB39100AF1806 /* Kingfisher in Frameworks */,
			);
			runOnlyForDeploymentPostprocessing = 0;
		};
		88AA4D772BFC482C00AF27DD /* Frameworks */ = {
			isa = PBXFrameworksBuildPhase;
			buildActionMask = 2147483647;
			files = (
			);
			runOnlyForDeploymentPostprocessing = 0;
		};
		88AA4D812BFC482C00AF27DD /* Frameworks */ = {
			isa = PBXFrameworksBuildPhase;
			buildActionMask = 2147483647;
			files = (
			);
			runOnlyForDeploymentPostprocessing = 0;
		};
/* End PBXFrameworksBuildPhase section */

/* Begin PBXGroup section */
		88AA4D612BFC482B00AF27DD = {
			isa = PBXGroup;
			children = (
				88AA4D6C2BFC482B00AF27DD /* WhatsAppClone */,
				88AA4D7D2BFC482C00AF27DD /* WhatsAppCloneTests */,
				88AA4D872BFC482C00AF27DD /* WhatsAppCloneUITests */,
				88AA4D6B2BFC482B00AF27DD /* Products */,
			);
			sourceTree = "<group>";
		};
		88AA4D6B2BFC482B00AF27DD /* Products */ = {
			isa = PBXGroup;
			children = (
				88AA4D6A2BFC482B00AF27DD /* WhatsAppClone.app */,
				88AA4D7A2BFC482C00AF27DD /* WhatsAppCloneTests.xctest */,
				88AA4D842BFC482C00AF27DD /* WhatsAppCloneUITests.xctest */,
			);
			name = Products;
			sourceTree = "<group>";
		};
		88AA4D6C2BFC482B00AF27DD /* WhatsAppClone */ = {
			isa = PBXGroup;
			children = (
				88AA4D9E2BFC488400AF27DD /* App */,
				88AA4D9D2BFC488200AF27DD /* Core */,
				88AA4D9C2BFC487F00AF27DD /* Model */,
				88AA4D9B2BFC487D00AF27DD /* Service */,
				88AA4D9A2BFC487900AF27DD /* Utils */,
				88AA4D712BFC482C00AF27DD /* Assets.xcassets */,
				88AA4D732BFC482C00AF27DD /* Preview Content */,
			);
			path = WhatsAppClone;
			sourceTree = "<group>";
		};
		88AA4D732BFC482C00AF27DD /* Preview Content */ = {
			isa = PBXGroup;
			children = (
				88AA4D742BFC482C00AF27DD /* Preview Assets.xcassets */,
			);
			path = "Preview Content";
			sourceTree = "<group>";
		};
		88AA4D7D2BFC482C00AF27DD /* WhatsAppCloneTests */ = {
			isa = PBXGroup;
			children = (
				88AA4D7E2BFC482C00AF27DD /* WhatsAppCloneTests.swift */,
			);
			path = WhatsAppCloneTests;
			sourceTree = "<group>";
		};
		88AA4D872BFC482C00AF27DD /* WhatsAppCloneUITests */ = {
			isa = PBXGroup;
			children = (
				88AA4D882BFC482C00AF27DD /* WhatsAppCloneUITests.swift */,
				88AA4D8A2BFC482C00AF27DD /* WhatsAppCloneUITestsLaunchTests.swift */,
			);
			path = WhatsAppCloneUITests;
			sourceTree = "<group>";
		};
		88AA4D9A2BFC487900AF27DD /* Utils */ = {
			isa = PBXGroup;
			children = (
				88AA4DCA2BFC968A00AF27DD /* Extensions */,
				88AA4DA82BFC4D3600AF27DD /* Plist */,
			);
			path = Utils;
			sourceTree = "<group>";
		};
		88AA4D9B2BFC487D00AF27DD /* Service */ = {
			isa = PBXGroup;
			children = (
				88C340E02BFD974A00AF1806 /* AuthService.swift */,
				88C340EA2BFDA28700AF1806 /* UserService.swift */,
				88EEA21B2BFE3F7F0083826F /* ChatService.swift */,
				88EEA21D2BFE5DFF0083826F /* InboxService.swift */,
				88F3BAEC2BFF17A100F700F3 /* StorageUploader.swift */,
			);
			path = Service;
			sourceTree = "<group>";
		};
		88AA4D9C2BFC487F00AF27DD /* Model */ = {
			isa = PBXGroup;
			children = (
				88AA4DB62BFC62F500AF27DD /* User.swift */,
				88AA4DCD2BFC97A500AF27DD /* Message.swift */,
				88F007862BFCDE41004769E7 /* SettingsOption.swift */,
			);
			path = Model;
			sourceTree = "<group>";
		};
		88AA4D9D2BFC488200AF27DD /* Core */ = {
			isa = PBXGroup;
			children = (
				88AA4DA72BFC495300AF27DD /* Authentification */,
				88AA4DA62BFC494600AF27DD /* Components */,
				88AA4DA52BFC494000AF27DD /* Chat */,
				88AA4DA42BFC493900AF27DD /* Inbox */,
				88AA4DA32BFC492E00AF27DD /* NewMessage */,
				88AA4DA22BFC492700AF27DD /* Profile */,
				88AA4DA12BFC492000AF27DD /* Root */,
				88AA4DA02BFC491800AF27DD /* Settings */,
				88AA4D9F2BFC490E00AF27DD /* Tabbar */,
			);
			path = Core;
			sourceTree = "<group>";
		};
		88AA4D9E2BFC488400AF27DD /* App */ = {
			isa = PBXGroup;
			children = (
				88AA4D6D2BFC482B00AF27DD /* WhatsAppCloneApp.swift */,
			);
			path = App;
			sourceTree = "<group>";
		};
		88AA4D9F2BFC490E00AF27DD /* Tabbar */ = {
			isa = PBXGroup;
			children = (
				88AA4DA92BFC4D4D00AF27DD /* View */,
			);
			path = Tabbar;
			sourceTree = "<group>";
		};
		88AA4DA02BFC491800AF27DD /* Settings */ = {
			isa = PBXGroup;
			children = (
				88F007882BFCF0D0004769E7 /* ViewModel */,
				88F007832BFCDC67004769E7 /* View */,
			);
			path = Settings;
			sourceTree = "<group>";
		};
		88AA4DA12BFC492000AF27DD /* Root */ = {
			isa = PBXGroup;
			children = (
				88C340E42BFD9F3A00AF1806 /* ViewModel */,
				88C340E52BFD9F4200AF1806 /* View */,
			);
			path = Root;
			sourceTree = "<group>";
		};
		88AA4DA22BFC492700AF27DD /* Profile */ = {
			isa = PBXGroup;
			children = (
				88F007802BFCC11F004769E7 /* ViewModel */,
				88F0077F2BFCBF1A004769E7 /* View */,
			);
			path = Profile;
			sourceTree = "<group>";
		};
		88AA4DA32BFC492E00AF27DD /* NewMessage */ = {
			isa = PBXGroup;
			children = (
				88C340F12BFDBC3400AF1806 /* ViewModel */,
				88AA4DB82BFC667200AF27DD /* View */,
			);
			path = NewMessage;
			sourceTree = "<group>";
		};
		88AA4DA42BFC493900AF27DD /* Inbox */ = {
			isa = PBXGroup;
			children = (
				88AA4DBB2BFC669A00AF27DD /* ViewModel */,
				88AA4DAC2BFC516300AF27DD /* View */,
			);
			path = Inbox;
			sourceTree = "<group>";
		};
		88AA4DA52BFC494000AF27DD /* Chat */ = {
			isa = PBXGroup;
			children = (
				88AA4DC02BFC772500AF27DD /* ViewModel */,
				88AA4DC12BFC773900AF27DD /* View */,
			);
			path = Chat;
			sourceTree = "<group>";
		};
		88AA4DA62BFC494600AF27DD /* Components */ = {
			isa = PBXGroup;
			children = (
				88AA4DB32BFC613E00AF27DD /* View */,
				88F007932BFD0F52004769E7 /* Modifiers */,
			);
			path = Components;
			sourceTree = "<group>";
		};
		88AA4DA72BFC495300AF27DD /* Authentification */ = {
			isa = PBXGroup;
			children = (
				88F007902BFD0A88004769E7 /* ViewModel */,
				88F0078B2BFCFCE5004769E7 /* View */,
			);
			path = Authentification;
			sourceTree = "<group>";
		};
		88AA4DA82BFC4D3600AF27DD /* Plist */ = {
			isa = PBXGroup;
			children = (
				88E5FB4E2BFD908C00C347AE /* GoogleService-Info.plist */,
			);
			path = Plist;
			sourceTree = "<group>";
		};
		88AA4DA92BFC4D4D00AF27DD /* View */ = {
			isa = PBXGroup;
			children = (
				88AA4DAA2BFC4D6200AF27DD /* MainTabbarView.swift */,
			);
			path = View;
			sourceTree = "<group>";
		};
		88AA4DAC2BFC516300AF27DD /* View */ = {
			isa = PBXGroup;
			children = (
				88AA4DAD2BFC517400AF27DD /* InboxView.swift */,
				88AA4DB12BFC55DB00AF27DD /* InboxRowView.swift */,
			);
			path = View;
			sourceTree = "<group>";
		};
		88AA4DB32BFC613E00AF27DD /* View */ = {
			isa = PBXGroup;
			children = (
				88AA4DB42BFC615A00AF27DD /* CircularProfileImageView.swift */,
				88F007942BFD0F6E004769E7 /* FloatingField.swift */,
			);
			path = View;
			sourceTree = "<group>";
		};
		88AA4DB82BFC667200AF27DD /* View */ = {
			isa = PBXGroup;
			children = (
				88AA4DB92BFC668A00AF27DD /* NewMessageView.swift */,
				88AA4DBE2BFC721500AF27DD /* ContactView.swift */,
			);
			path = View;
			sourceTree = "<group>";
		};
		88AA4DBB2BFC669A00AF27DD /* ViewModel */ = {
			isa = PBXGroup;
			children = (
				88AA4DBC2BFC66BB00AF27DD /* InobxViewModel.swift */,
			);
			path = ViewModel;
			sourceTree = "<group>";
		};
		88AA4DC02BFC772500AF27DD /* ViewModel */ = {
			isa = PBXGroup;
			children = (
				88AA4DC42BFC78E500AF27DD /* ChatViewModel.swift */,
				88F3BAEE2BFF256800F700F3 /* ChatMessageCellViewModel.swift */,
			);
			path = ViewModel;
			sourceTree = "<group>";
		};
		88AA4DC12BFC773900AF27DD /* View */ = {
			isa = PBXGroup;
			children = (
				88AA4DC22BFC775A00AF27DD /* ChatView.swift */,
				88AA4DC62BFC8C9B00AF27DD /* ChatMessageCell.swift */,
				88AA4DC82BFC8E1F00AF27DD /* ChatBubble.swift */,
			);
			path = View;
			sourceTree = "<group>";
		};
		88AA4DCA2BFC968A00AF27DD /* Extensions */ = {
			isa = PBXGroup;
			children = (
				88AA4DCB2BFC969D00AF27DD /* Date.swift */,
			);
			path = Extensions;
			sourceTree = "<group>";
		};
		88C340E42BFD9F3A00AF1806 /* ViewModel */ = {
			isa = PBXGroup;
			children = (
				88C340E82BFD9F9D00AF1806 /* RootViewModel.swift */,
			);
			path = ViewModel;
			sourceTree = "<group>";
		};
		88C340E52BFD9F4200AF1806 /* View */ = {
			isa = PBXGroup;
			children = (
				88C340E62BFD9F6A00AF1806 /* RootView.swift */,
			);
			path = View;
			sourceTree = "<group>";
		};
		88C340F12BFDBC3400AF1806 /* ViewModel */ = {
			isa = PBXGroup;
			children = (
				88C340F22BFDBC5600AF1806 /* NewMessageViewModel.swift */,
			);
			path = ViewModel;
			sourceTree = "<group>";
		};
		88F0077F2BFCBF1A004769E7 /* View */ = {
			isa = PBXGroup;
			children = (
				88F0077D2BFCBF06004769E7 /* ProfileView.swift */,
			);
			path = View;
			sourceTree = "<group>";
		};
		88F007802BFCC11F004769E7 /* ViewModel */ = {
			isa = PBXGroup;
			children = (
				88F007812BFCC135004769E7 /* ProfileViewModel.swift */,
			);
			path = ViewModel;
			sourceTree = "<group>";
		};
		88F007832BFCDC67004769E7 /* View */ = {
			isa = PBXGroup;
			children = (
				88F007842BFCDC75004769E7 /* SettingsView.swift */,
			);
			path = View;
			sourceTree = "<group>";
		};
		88F007882BFCF0D0004769E7 /* ViewModel */ = {
			isa = PBXGroup;
			children = (
				88F007892BFCF0DD004769E7 /* SettingsViewModel.swift */,
			);
			path = ViewModel;
			sourceTree = "<group>";
		};
		88F0078B2BFCFCE5004769E7 /* View */ = {
			isa = PBXGroup;
			children = (
				88F0078C2BFCFCF7004769E7 /* WelcomeView.swift */,
				88F0078E2BFD09C1004769E7 /* LoginView.swift */,
				88F007962BFD133F004769E7 /* RegistrationView.swift */,
			);
			path = View;
			sourceTree = "<group>";
		};
		88F007902BFD0A88004769E7 /* ViewModel */ = {
			isa = PBXGroup;
			children = (
				88F007912BFD0AAC004769E7 /* LoginViewModel.swift */,
				88F007982BFD13B9004769E7 /* RegistrationViewModel.swift */,
				88C340E22BFD9D3D00AF1806 /* WelcomeViewModel.swift */,
			);
			path = ViewModel;
			sourceTree = "<group>";
		};
		88F007932BFD0F52004769E7 /* Modifiers */ = {
			isa = PBXGroup;
			children = (
				88AA4DAF2BFC534600AF27DD /* NavigationBarColor.swift */,
				88F0079A2BFD1658004769E7 /* AuthentificationButtonModifier.swift */,
			);
			path = Modifiers;
			sourceTree = "<group>";
		};
/* End PBXGroup section */

/* Begin PBXNativeTarget section */
		88AA4D692BFC482B00AF27DD /* WhatsAppClone */ = {
			isa = PBXNativeTarget;
			buildConfigurationList = 88AA4D8E2BFC482C00AF27DD /* Build configuration list for PBXNativeTarget "WhatsAppClone" */;
			buildPhases = (
				88AA4D662BFC482B00AF27DD /* Sources */,
				88AA4D672BFC482B00AF27DD /* Frameworks */,
				88AA4D682BFC482B00AF27DD /* Resources */,
			);
			buildRules = (
			);
			dependencies = (
			);
			name = WhatsAppClone;
			packageProductDependencies = (
				88C340D82BFD927800AF1806 /* FirebaseAuth */,
				88C340DA2BFD927800AF1806 /* FirebaseFirestore */,
				88C340DC2BFD927800AF1806 /* FirebaseFirestoreSwift */,
				88C340DE2BFD927800AF1806 /* FirebaseStorage */,
				88C340ED2BFDB39100AF1806 /* Kingfisher */,
			);
			productName = WhatsAppClone;
			productReference = 88AA4D6A2BFC482B00AF27DD /* WhatsAppClone.app */;
			productType = "com.apple.product-type.application";
		};
		88AA4D792BFC482C00AF27DD /* WhatsAppCloneTests */ = {
			isa = PBXNativeTarget;
			buildConfigurationList = 88AA4D912BFC482C00AF27DD /* Build configuration list for PBXNativeTarget "WhatsAppCloneTests" */;
			buildPhases = (
				88AA4D762BFC482C00AF27DD /* Sources */,
				88AA4D772BFC482C00AF27DD /* Frameworks */,
				88AA4D782BFC482C00AF27DD /* Resources */,
			);
			buildRules = (
			);
			dependencies = (
				88AA4D7C2BFC482C00AF27DD /* PBXTargetDependency */,
			);
			name = WhatsAppCloneTests;
			productName = WhatsAppCloneTests;
			productReference = 88AA4D7A2BFC482C00AF27DD /* WhatsAppCloneTests.xctest */;
			productType = "com.apple.product-type.bundle.unit-test";
		};
		88AA4D832BFC482C00AF27DD /* WhatsAppCloneUITests */ = {
			isa = PBXNativeTarget;
			buildConfigurationList = 88AA4D942BFC482C00AF27DD /* Build configuration list for PBXNativeTarget "WhatsAppCloneUITests" */;
			buildPhases = (
				88AA4D802BFC482C00AF27DD /* Sources */,
				88AA4D812BFC482C00AF27DD /* Frameworks */,
				88AA4D822BFC482C00AF27DD /* Resources */,
			);
			buildRules = (
			);
			dependencies = (
				88AA4D862BFC482C00AF27DD /* PBXTargetDependency */,
			);
			name = WhatsAppCloneUITests;
			productName = WhatsAppCloneUITests;
			productReference = 88AA4D842BFC482C00AF27DD /* WhatsAppCloneUITests.xctest */;
			productType = "com.apple.product-type.bundle.ui-testing";
		};
/* End PBXNativeTarget section */

/* Begin PBXProject section */
		88AA4D622BFC482B00AF27DD /* Project object */ = {
			isa = PBXProject;
			attributes = {
				BuildIndependentTargetsInParallel = 1;
				LastSwiftUpdateCheck = 1540;
				LastUpgradeCheck = 1540;
				TargetAttributes = {
					88AA4D692BFC482B00AF27DD = {
						CreatedOnToolsVersion = 15.4;
					};
					88AA4D792BFC482C00AF27DD = {
						CreatedOnToolsVersion = 15.4;
						TestTargetID = 88AA4D692BFC482B00AF27DD;
					};
					88AA4D832BFC482C00AF27DD = {
						CreatedOnToolsVersion = 15.4;
						TestTargetID = 88AA4D692BFC482B00AF27DD;
					};
				};
			};
			buildConfigurationList = 88AA4D652BFC482B00AF27DD /* Build configuration list for PBXProject "WhatsAppClone" */;
			compatibilityVersion = "Xcode 14.0";
			developmentRegion = en;
			hasScannedForEncodings = 0;
			knownRegions = (
				en,
				Base,
			);
			mainGroup = 88AA4D612BFC482B00AF27DD;
			packageReferences = (
				88C340D72BFD927800AF1806 /* XCRemoteSwiftPackageReference "firebase-ios-sdk" */,
				88C340EC2BFDB39100AF1806 /* XCRemoteSwiftPackageReference "Kingfisher" */,
			);
			productRefGroup = 88AA4D6B2BFC482B00AF27DD /* Products */;
			projectDirPath = "";
			projectRoot = "";
			targets = (
				88AA4D692BFC482B00AF27DD /* WhatsAppClone */,
				88AA4D792BFC482C00AF27DD /* WhatsAppCloneTests */,
				88AA4D832BFC482C00AF27DD /* WhatsAppCloneUITests */,
			);
		};
/* End PBXProject section */

/* Begin PBXResourcesBuildPhase section */
		88AA4D682BFC482B00AF27DD /* Resources */ = {
			isa = PBXResourcesBuildPhase;
			buildActionMask = 2147483647;
			files = (
				88AA4D752BFC482C00AF27DD /* Preview Assets.xcassets in Resources */,
				88E5FB4F2BFD908C00C347AE /* GoogleService-Info.plist in Resources */,
				88AA4D722BFC482C00AF27DD /* Assets.xcassets in Resources */,
			);
			runOnlyForDeploymentPostprocessing = 0;
		};
		88AA4D782BFC482C00AF27DD /* Resources */ = {
			isa = PBXResourcesBuildPhase;
			buildActionMask = 2147483647;
			files = (
			);
			runOnlyForDeploymentPostprocessing = 0;
		};
		88AA4D822BFC482C00AF27DD /* Resources */ = {
			isa = PBXResourcesBuildPhase;
			buildActionMask = 2147483647;
			files = (
			);
			runOnlyForDeploymentPostprocessing = 0;
		};
/* End PBXResourcesBuildPhase section */

/* Begin PBXSourcesBuildPhase section */
		88AA4D662BFC482B00AF27DD /* Sources */ = {
			isa = PBXSourcesBuildPhase;
			buildActionMask = 2147483647;
			files = (
				88AA4DC52BFC78E500AF27DD /* ChatViewModel.swift in Sources */,
				88C340E32BFD9D3D00AF1806 /* WelcomeViewModel.swift in Sources */,
				88F007822BFCC135004769E7 /* ProfileViewModel.swift in Sources */,
				88AA4DC92BFC8E1F00AF27DD /* ChatBubble.swift in Sources */,
				88AA4DBA2BFC668A00AF27DD /* NewMessageView.swift in Sources */,
				88EEA21C2BFE3F7F0083826F /* ChatService.swift in Sources */,
				88AA4DCE2BFC97A500AF27DD /* Message.swift in Sources */,
				88F007852BFCDC75004769E7 /* SettingsView.swift in Sources */,
				88F0078F2BFD09C1004769E7 /* LoginView.swift in Sources */,
				88AA4DCC2BFC969D00AF27DD /* Date.swift in Sources */,
				88AA4DBF2BFC721500AF27DD /* ContactView.swift in Sources */,
				88AA4DBD2BFC66BB00AF27DD /* InobxViewModel.swift in Sources */,
				88AA4DB52BFC615A00AF27DD /* CircularProfileImageView.swift in Sources */,
				88C340E12BFD974A00AF1806 /* AuthService.swift in Sources */,
				88F0078D2BFCFCF7004769E7 /* WelcomeView.swift in Sources */,
				88F007972BFD133F004769E7 /* RegistrationView.swift in Sources */,
				88AA4DC72BFC8C9B00AF27DD /* ChatMessageCell.swift in Sources */,
				88F007922BFD0AAC004769E7 /* LoginViewModel.swift in Sources */,
				88C340EB2BFDA28700AF1806 /* UserService.swift in Sources */,
				88AA4DC32BFC775A00AF27DD /* ChatView.swift in Sources */,
				88C340F32BFDBC5600AF1806 /* NewMessageViewModel.swift in Sources */,
				88F0079B2BFD1658004769E7 /* AuthentificationButtonModifier.swift in Sources */,
				88F0077E2BFCBF06004769E7 /* ProfileView.swift in Sources */,
				88F007992BFD13B9004769E7 /* RegistrationViewModel.swift in Sources */,
				88F3BAED2BFF17A100F700F3 /* StorageUploader.swift in Sources */,
				88F007952BFD0F6E004769E7 /* FloatingField.swift in Sources */,
				88AA4DB02BFC534600AF27DD /* NavigationBarColor.swift in Sources */,
				88AA4DAE2BFC517400AF27DD /* InboxView.swift in Sources */,
				88F3BAEF2BFF256800F700F3 /* ChatMessageCellViewModel.swift in Sources */,
				88C340E72BFD9F6A00AF1806 /* RootView.swift in Sources */,
				88AA4DB72BFC62F500AF27DD /* User.swift in Sources */,
				88AA4DAB2BFC4D6200AF27DD /* MainTabbarView.swift in Sources */,
				88EEA21E2BFE5DFF0083826F /* InboxService.swift in Sources */,
				88AA4DB22BFC55DB00AF27DD /* InboxRowView.swift in Sources */,
				88F0078A2BFCF0DD004769E7 /* SettingsViewModel.swift in Sources */,
				88AA4D6E2BFC482B00AF27DD /* WhatsAppCloneApp.swift in Sources */,
				88C340E92BFD9F9D00AF1806 /* RootViewModel.swift in Sources */,
				88F007872BFCDE41004769E7 /* SettingsOption.swift in Sources */,
			);
			runOnlyForDeploymentPostprocessing = 0;
		};
		88AA4D762BFC482C00AF27DD /* Sources */ = {
			isa = PBXSourcesBuildPhase;
			buildActionMask = 2147483647;
			files = (
				88AA4D7F2BFC482C00AF27DD /* WhatsAppCloneTests.swift in Sources */,
			);
			runOnlyForDeploymentPostprocessing = 0;
		};
		88AA4D802BFC482C00AF27DD /* Sources */ = {
			isa = PBXSourcesBuildPhase;
			buildActionMask = 2147483647;
			files = (
				88AA4D8B2BFC482C00AF27DD /* WhatsAppCloneUITestsLaunchTests.swift in Sources */,
				88AA4D892BFC482C00AF27DD /* WhatsAppCloneUITests.swift in Sources */,
			);
			runOnlyForDeploymentPostprocessing = 0;
		};
/* End PBXSourcesBuildPhase section */

/* Begin PBXTargetDependency section */
		88AA4D7C2BFC482C00AF27DD /* PBXTargetDependency */ = {
			isa = PBXTargetDependency;
			target = 88AA4D692BFC482B00AF27DD /* WhatsAppClone */;
			targetProxy = 88AA4D7B2BFC482C00AF27DD /* PBXContainerItemProxy */;
		};
		88AA4D862BFC482C00AF27DD /* PBXTargetDependency */ = {
			isa = PBXTargetDependency;
			target = 88AA4D692BFC482B00AF27DD /* WhatsAppClone */;
			targetProxy = 88AA4D852BFC482C00AF27DD /* PBXContainerItemProxy */;
		};
/* End PBXTargetDependency section */

/* Begin XCBuildConfiguration section */
		88AA4D8C2BFC482C00AF27DD /* Debug */ = {
			isa = XCBuildConfiguration;
			buildSettings = {
				ALWAYS_SEARCH_USER_PATHS = NO;
				ASSETCATALOG_COMPILER_GENERATE_SWIFT_ASSET_SYMBOL_EXTENSIONS = YES;
				CLANG_ANALYZER_NONNULL = YES;
				CLANG_ANALYZER_NUMBER_OBJECT_CONVERSION = YES_AGGRESSIVE;
				CLANG_CXX_LANGUAGE_STANDARD = "gnu++20";
				CLANG_ENABLE_MODULES = YES;
				CLANG_ENABLE_OBJC_ARC = YES;
				CLANG_ENABLE_OBJC_WEAK = YES;
				CLANG_WARN_BLOCK_CAPTURE_AUTORELEASING = YES;
				CLANG_WARN_BOOL_CONVERSION = YES;
				CLANG_WARN_COMMA = YES;
				CLANG_WARN_CONSTANT_CONVERSION = YES;
				CLANG_WARN_DEPRECATED_OBJC_IMPLEMENTATIONS = YES;
				CLANG_WARN_DIRECT_OBJC_ISA_USAGE = YES_ERROR;
				CLANG_WARN_DOCUMENTATION_COMMENTS = YES;
				CLANG_WARN_EMPTY_BODY = YES;
				CLANG_WARN_ENUM_CONVERSION = YES;
				CLANG_WARN_INFINITE_RECURSION = YES;
				CLANG_WARN_INT_CONVERSION = YES;
				CLANG_WARN_NON_LITERAL_NULL_CONVERSION = YES;
				CLANG_WARN_OBJC_IMPLICIT_RETAIN_SELF = YES;
				CLANG_WARN_OBJC_LITERAL_CONVERSION = YES;
				CLANG_WARN_OBJC_ROOT_CLASS = YES_ERROR;
				CLANG_WARN_QUOTED_INCLUDE_IN_FRAMEWORK_HEADER = YES;
				CLANG_WARN_RANGE_LOOP_ANALYSIS = YES;
				CLANG_WARN_STRICT_PROTOTYPES = YES;
				CLANG_WARN_SUSPICIOUS_MOVE = YES;
				CLANG_WARN_UNGUARDED_AVAILABILITY = YES_AGGRESSIVE;
				CLANG_WARN_UNREACHABLE_CODE = YES;
				CLANG_WARN__DUPLICATE_METHOD_MATCH = YES;
				COPY_PHASE_STRIP = NO;
				DEBUG_INFORMATION_FORMAT = dwarf;
				ENABLE_STRICT_OBJC_MSGSEND = YES;
				ENABLE_TESTABILITY = YES;
				ENABLE_USER_SCRIPT_SANDBOXING = YES;
				GCC_C_LANGUAGE_STANDARD = gnu17;
				GCC_DYNAMIC_NO_PIC = NO;
				GCC_NO_COMMON_BLOCKS = YES;
				GCC_OPTIMIZATION_LEVEL = 0;
				GCC_PREPROCESSOR_DEFINITIONS = (
					"DEBUG=1",
					"$(inherited)",
				);
				GCC_WARN_64_TO_32_BIT_CONVERSION = YES;
				GCC_WARN_ABOUT_RETURN_TYPE = YES_ERROR;
				GCC_WARN_UNDECLARED_SELECTOR = YES;
				GCC_WARN_UNINITIALIZED_AUTOS = YES_AGGRESSIVE;
				GCC_WARN_UNUSED_FUNCTION = YES;
				GCC_WARN_UNUSED_VARIABLE = YES;
				IPHONEOS_DEPLOYMENT_TARGET = 17.5;
				LOCALIZATION_PREFERS_STRING_CATALOGS = YES;
				MTL_ENABLE_DEBUG_INFO = INCLUDE_SOURCE;
				MTL_FAST_MATH = YES;
				ONLY_ACTIVE_ARCH = YES;
				SDKROOT = iphoneos;
				SWIFT_ACTIVE_COMPILATION_CONDITIONS = "DEBUG $(inherited)";
				SWIFT_OPTIMIZATION_LEVEL = "-Onone";
			};
			name = Debug;
		};
		88AA4D8D2BFC482C00AF27DD /* Release */ = {
			isa = XCBuildConfiguration;
			buildSettings = {
				ALWAYS_SEARCH_USER_PATHS = NO;
				ASSETCATALOG_COMPILER_GENERATE_SWIFT_ASSET_SYMBOL_EXTENSIONS = YES;
				CLANG_ANALYZER_NONNULL = YES;
				CLANG_ANALYZER_NUMBER_OBJECT_CONVERSION = YES_AGGRESSIVE;
				CLANG_CXX_LANGUAGE_STANDARD = "gnu++20";
				CLANG_ENABLE_MODULES = YES;
				CLANG_ENABLE_OBJC_ARC = YES;
				CLANG_ENABLE_OBJC_WEAK = YES;
				CLANG_WARN_BLOCK_CAPTURE_AUTORELEASING = YES;
				CLANG_WARN_BOOL_CONVERSION = YES;
				CLANG_WARN_COMMA = YES;
				CLANG_WARN_CONSTANT_CONVERSION = YES;
				CLANG_WARN_DEPRECATED_OBJC_IMPLEMENTATIONS = YES;
				CLANG_WARN_DIRECT_OBJC_ISA_USAGE = YES_ERROR;
				CLANG_WARN_DOCUMENTATION_COMMENTS = YES;
				CLANG_WARN_EMPTY_BODY = YES;
				CLANG_WARN_ENUM_CONVERSION = YES;
				CLANG_WARN_INFINITE_RECURSION = YES;
				CLANG_WARN_INT_CONVERSION = YES;
				CLANG_WARN_NON_LITERAL_NULL_CONVERSION = YES;
				CLANG_WARN_OBJC_IMPLICIT_RETAIN_SELF = YES;
				CLANG_WARN_OBJC_LITERAL_CONVERSION = YES;
				CLANG_WARN_OBJC_ROOT_CLASS = YES_ERROR;
				CLANG_WARN_QUOTED_INCLUDE_IN_FRAMEWORK_HEADER = YES;
				CLANG_WARN_RANGE_LOOP_ANALYSIS = YES;
				CLANG_WARN_STRICT_PROTOTYPES = YES;
				CLANG_WARN_SUSPICIOUS_MOVE = YES;
				CLANG_WARN_UNGUARDED_AVAILABILITY = YES_AGGRESSIVE;
				CLANG_WARN_UNREACHABLE_CODE = YES;
				CLANG_WARN__DUPLICATE_METHOD_MATCH = YES;
				COPY_PHASE_STRIP = NO;
				DEBUG_INFORMATION_FORMAT = "dwarf-with-dsym";
				ENABLE_NS_ASSERTIONS = NO;
				ENABLE_STRICT_OBJC_MSGSEND = YES;
				ENABLE_USER_SCRIPT_SANDBOXING = YES;
				GCC_C_LANGUAGE_STANDARD = gnu17;
				GCC_NO_COMMON_BLOCKS = YES;
				GCC_WARN_64_TO_32_BIT_CONVERSION = YES;
				GCC_WARN_ABOUT_RETURN_TYPE = YES_ERROR;
				GCC_WARN_UNDECLARED_SELECTOR = YES;
				GCC_WARN_UNINITIALIZED_AUTOS = YES_AGGRESSIVE;
				GCC_WARN_UNUSED_FUNCTION = YES;
				GCC_WARN_UNUSED_VARIABLE = YES;
				IPHONEOS_DEPLOYMENT_TARGET = 17.5;
				LOCALIZATION_PREFERS_STRING_CATALOGS = YES;
				MTL_ENABLE_DEBUG_INFO = NO;
				MTL_FAST_MATH = YES;
				SDKROOT = iphoneos;
				SWIFT_COMPILATION_MODE = wholemodule;
				VALIDATE_PRODUCT = YES;
			};
			name = Release;
		};
		88AA4D8F2BFC482C00AF27DD /* Debug */ = {
			isa = XCBuildConfiguration;
			buildSettings = {
				ASSETCATALOG_COMPILER_APPICON_NAME = AppIcon;
				ASSETCATALOG_COMPILER_GLOBAL_ACCENT_COLOR_NAME = AccentColor;
				CODE_SIGN_STYLE = Automatic;
				CURRENT_PROJECT_VERSION = 1;
				DEVELOPMENT_ASSET_PATHS = "\"WhatsAppClone/Preview Content\"";
				DEVELOPMENT_TEAM = 56CRCRXVMD;
				ENABLE_PREVIEWS = YES;
				GENERATE_INFOPLIST_FILE = YES;
				INFOPLIST_KEY_CFBundleDisplayName = WhatsApp;
				INFOPLIST_KEY_LSApplicationCategoryType = "public.app-category.social-networking";
				INFOPLIST_KEY_UIApplicationSceneManifest_Generation = YES;
				INFOPLIST_KEY_UIApplicationSupportsIndirectInputEvents = YES;
				INFOPLIST_KEY_UILaunchScreen_Generation = YES;
				INFOPLIST_KEY_UISupportedInterfaceOrientations_iPad = "UIInterfaceOrientationPortrait UIInterfaceOrientationPortraitUpsideDown UIInterfaceOrientationLandscapeLeft UIInterfaceOrientationLandscapeRight";
				INFOPLIST_KEY_UISupportedInterfaceOrientations_iPhone = "UIInterfaceOrientationPortrait UIInterfaceOrientationLandscapeLeft UIInterfaceOrientationLandscapeRight";
				IPHONEOS_DEPLOYMENT_TARGET = 17.0;
				LD_RUNPATH_SEARCH_PATHS = (
					"$(inherited)",
					"@executable_path/Frameworks",
				);
				MARKETING_VERSION = 1.0;
				PRODUCT_BUNDLE_IDENTIFIER = com.pharraxsoftware.WhatsAppClone;
				PRODUCT_NAME = "$(TARGET_NAME)";
				SWIFT_EMIT_LOC_STRINGS = YES;
				SWIFT_VERSION = 5.0;
				TARGETED_DEVICE_FAMILY = "1,2";
			};
			name = Debug;
		};
		88AA4D902BFC482C00AF27DD /* Release */ = {
			isa = XCBuildConfiguration;
			buildSettings = {
				ASSETCATALOG_COMPILER_APPICON_NAME = AppIcon;
				ASSETCATALOG_COMPILER_GLOBAL_ACCENT_COLOR_NAME = AccentColor;
				CODE_SIGN_STYLE = Automatic;
				CURRENT_PROJECT_VERSION = 1;
				DEVELOPMENT_ASSET_PATHS = "\"WhatsAppClone/Preview Content\"";
				DEVELOPMENT_TEAM = 56CRCRXVMD;
				ENABLE_PREVIEWS = YES;
				GENERATE_INFOPLIST_FILE = YES;
				INFOPLIST_KEY_CFBundleDisplayName = WhatsApp;
				INFOPLIST_KEY_LSApplicationCategoryType = "public.app-category.social-networking";
				INFOPLIST_KEY_UIApplicationSceneManifest_Generation = YES;
				INFOPLIST_KEY_UIApplicationSupportsIndirectInputEvents = YES;
				INFOPLIST_KEY_UILaunchScreen_Generation = YES;
				INFOPLIST_KEY_UISupportedInterfaceOrientations_iPad = "UIInterfaceOrientationPortrait UIInterfaceOrientationPortraitUpsideDown UIInterfaceOrientationLandscapeLeft UIInterfaceOrientationLandscapeRight";
				INFOPLIST_KEY_UISupportedInterfaceOrientations_iPhone = "UIInterfaceOrientationPortrait UIInterfaceOrientationLandscapeLeft UIInterfaceOrientationLandscapeRight";
				IPHONEOS_DEPLOYMENT_TARGET = 17.0;
				LD_RUNPATH_SEARCH_PATHS = (
					"$(inherited)",
					"@executable_path/Frameworks",
				);
				MARKETING_VERSION = 1.0;
				PRODUCT_BUNDLE_IDENTIFIER = com.pharraxsoftware.WhatsAppClone;
				PRODUCT_NAME = "$(TARGET_NAME)";
				SWIFT_EMIT_LOC_STRINGS = YES;
				SWIFT_VERSION = 5.0;
				TARGETED_DEVICE_FAMILY = "1,2";
			};
			name = Release;
		};
		88AA4D922BFC482C00AF27DD /* Debug */ = {
			isa = XCBuildConfiguration;
			buildSettings = {
				ALWAYS_EMBED_SWIFT_STANDARD_LIBRARIES = YES;
				BUNDLE_LOADER = "$(TEST_HOST)";
				CODE_SIGN_STYLE = Automatic;
				CURRENT_PROJECT_VERSION = 1;
				DEVELOPMENT_TEAM = 56CRCRXVMD;
				GENERATE_INFOPLIST_FILE = YES;
				IPHONEOS_DEPLOYMENT_TARGET = 17.5;
				MARKETING_VERSION = 1.0;
				PRODUCT_BUNDLE_IDENTIFIER = com.pharraxsoftware.WhatsAppCloneTests;
				PRODUCT_NAME = "$(TARGET_NAME)";
				SWIFT_EMIT_LOC_STRINGS = NO;
				SWIFT_VERSION = 5.0;
				TARGETED_DEVICE_FAMILY = "1,2";
				TEST_HOST = "$(BUILT_PRODUCTS_DIR)/WhatsAppClone.app/$(BUNDLE_EXECUTABLE_FOLDER_PATH)/WhatsAppClone";
			};
			name = Debug;
		};
		88AA4D932BFC482C00AF27DD /* Release */ = {
			isa = XCBuildConfiguration;
			buildSettings = {
				ALWAYS_EMBED_SWIFT_STANDARD_LIBRARIES = YES;
				BUNDLE_LOADER = "$(TEST_HOST)";
				CODE_SIGN_STYLE = Automatic;
				CURRENT_PROJECT_VERSION = 1;
				DEVELOPMENT_TEAM = 56CRCRXVMD;
				GENERATE_INFOPLIST_FILE = YES;
				IPHONEOS_DEPLOYMENT_TARGET = 17.5;
				MARKETING_VERSION = 1.0;
				PRODUCT_BUNDLE_IDENTIFIER = com.pharraxsoftware.WhatsAppCloneTests;
				PRODUCT_NAME = "$(TARGET_NAME)";
				SWIFT_EMIT_LOC_STRINGS = NO;
				SWIFT_VERSION = 5.0;
				TARGETED_DEVICE_FAMILY = "1,2";
				TEST_HOST = "$(BUILT_PRODUCTS_DIR)/WhatsAppClone.app/$(BUNDLE_EXECUTABLE_FOLDER_PATH)/WhatsAppClone";
			};
			name = Release;
		};
		88AA4D952BFC482C00AF27DD /* Debug */ = {
			isa = XCBuildConfiguration;
			buildSettings = {
				ALWAYS_EMBED_SWIFT_STANDARD_LIBRARIES = YES;
				CODE_SIGN_STYLE = Automatic;
				CURRENT_PROJECT_VERSION = 1;
				DEVELOPMENT_TEAM = 56CRCRXVMD;
				GENERATE_INFOPLIST_FILE = YES;
				MARKETING_VERSION = 1.0;
				PRODUCT_BUNDLE_IDENTIFIER = com.pharraxsoftware.WhatsAppCloneUITests;
				PRODUCT_NAME = "$(TARGET_NAME)";
				SWIFT_EMIT_LOC_STRINGS = NO;
				SWIFT_VERSION = 5.0;
				TARGETED_DEVICE_FAMILY = "1,2";
				TEST_TARGET_NAME = WhatsAppClone;
			};
			name = Debug;
		};
		88AA4D962BFC482C00AF27DD /* Release */ = {
			isa = XCBuildConfiguration;
			buildSettings = {
				ALWAYS_EMBED_SWIFT_STANDARD_LIBRARIES = YES;
				CODE_SIGN_STYLE = Automatic;
				CURRENT_PROJECT_VERSION = 1;
				DEVELOPMENT_TEAM = 56CRCRXVMD;
				GENERATE_INFOPLIST_FILE = YES;
				MARKETING_VERSION = 1.0;
				PRODUCT_BUNDLE_IDENTIFIER = com.pharraxsoftware.WhatsAppCloneUITests;
				PRODUCT_NAME = "$(TARGET_NAME)";
				SWIFT_EMIT_LOC_STRINGS = NO;
				SWIFT_VERSION = 5.0;
				TARGETED_DEVICE_FAMILY = "1,2";
				TEST_TARGET_NAME = WhatsAppClone;
			};
			name = Release;
		};
/* End XCBuildConfiguration section */

/* Begin XCConfigurationList section */
		88AA4D652BFC482B00AF27DD /* Build configuration list for PBXProject "WhatsAppClone" */ = {
			isa = XCConfigurationList;
			buildConfigurations = (
				88AA4D8C2BFC482C00AF27DD /* Debug */,
				88AA4D8D2BFC482C00AF27DD /* Release */,
			);
			defaultConfigurationIsVisible = 0;
			defaultConfigurationName = Release;
		};
		88AA4D8E2BFC482C00AF27DD /* Build configuration list for PBXNativeTarget "WhatsAppClone" */ = {
			isa = XCConfigurationList;
			buildConfigurations = (
				88AA4D8F2BFC482C00AF27DD /* Debug */,
				88AA4D902BFC482C00AF27DD /* Release */,
			);
			defaultConfigurationIsVisible = 0;
			defaultConfigurationName = Release;
		};
		88AA4D912BFC482C00AF27DD /* Build configuration list for PBXNativeTarget "WhatsAppCloneTests" */ = {
			isa = XCConfigurationList;
			buildConfigurations = (
				88AA4D922BFC482C00AF27DD /* Debug */,
				88AA4D932BFC482C00AF27DD /* Release */,
			);
			defaultConfigurationIsVisible = 0;
			defaultConfigurationName = Release;
		};
		88AA4D942BFC482C00AF27DD /* Build configuration list for PBXNativeTarget "WhatsAppCloneUITests" */ = {
			isa = XCConfigurationList;
			buildConfigurations = (
				88AA4D952BFC482C00AF27DD /* Debug */,
				88AA4D962BFC482C00AF27DD /* Release */,
			);
			defaultConfigurationIsVisible = 0;
			defaultConfigurationName = Release;
		};
/* End XCConfigurationList section */

/* Begin XCRemoteSwiftPackageReference section */
		88C340D72BFD927800AF1806 /* XCRemoteSwiftPackageReference "firebase-ios-sdk" */ = {
			isa = XCRemoteSwiftPackageReference;
			repositoryURL = "https://github.com/firebase/firebase-ios-sdk";
			requirement = {
				kind = upToNextMajorVersion;
				minimumVersion = 10.26.0;
			};
		};
		88C340EC2BFDB39100AF1806 /* XCRemoteSwiftPackageReference "Kingfisher" */ = {
			isa = XCRemoteSwiftPackageReference;
			repositoryURL = "https://github.com/onevcat/Kingfisher";
			requirement = {
				kind = upToNextMajorVersion;
				minimumVersion = 7.11.0;
			};
		};
/* End XCRemoteSwiftPackageReference section */

/* Begin XCSwiftPackageProductDependency section */
		88C340D82BFD927800AF1806 /* FirebaseAuth */ = {
			isa = XCSwiftPackageProductDependency;
			package = 88C340D72BFD927800AF1806 /* XCRemoteSwiftPackageReference "firebase-ios-sdk" */;
			productName = FirebaseAuth;
		};
		88C340DA2BFD927800AF1806 /* FirebaseFirestore */ = {
			isa = XCSwiftPackageProductDependency;
			package = 88C340D72BFD927800AF1806 /* XCRemoteSwiftPackageReference "firebase-ios-sdk" */;
			productName = FirebaseFirestore;
		};
		88C340DC2BFD927800AF1806 /* FirebaseFirestoreSwift */ = {
			isa = XCSwiftPackageProductDependency;
			package = 88C340D72BFD927800AF1806 /* XCRemoteSwiftPackageReference "firebase-ios-sdk" */;
			productName = FirebaseFirestoreSwift;
		};
		88C340DE2BFD927800AF1806 /* FirebaseStorage */ = {
			isa = XCSwiftPackageProductDependency;
			package = 88C340D72BFD927800AF1806 /* XCRemoteSwiftPackageReference "firebase-ios-sdk" */;
			productName = FirebaseStorage;
		};
		88C340ED2BFDB39100AF1806 /* Kingfisher */ = {
			isa = XCSwiftPackageProductDependency;
			package = 88C340EC2BFDB39100AF1806 /* XCRemoteSwiftPackageReference "Kingfisher" */;
			productName = Kingfisher;
		};
/* End XCSwiftPackageProductDependency section */
	};
	rootObject = 88AA4D622BFC482B00AF27DD /* Project object */;
}
